{
  "name": "@capacitor-community/storage-react",
  "version": "0.1.2",
  "lockfileVersion": 3,
  "requires": true,
  "packages": {
    "": {
      "name": "@capacitor-community/storage-react",
      "version": "0.1.2",
      "license": "MIT",
      "peerDependencies": {
        "@capacitor/core": ">=3.0.0",
        "@capacitor/storage": "*",
        "react": "*"
      }
    },
    "node_modules/@capacitor/core": {
      "version": "3.9.0",
      "resolved": "https://registry.npmjs.org/@capacitor/core/-/core-3.9.0.tgz",
      "integrity": "sha512-j1lL0+/7stY8YhIq1Lm6xixvUqIn89vtyH5ZpJNNmcZ0kwz6K9eLkcG6fvq1UWMDgSVZg9JrRGSFhb4LLoYOsw==",
      "peer": true,
      "dependencies": {
        "tslib": "^2.1.0"
      }
    },
    "node_modules/@capacitor/storage": {
      "version": "1.2.5",
      "resolved": "https://registry.npmjs.org/@capacitor/storage/-/storage-1.2.5.tgz",
      "integrity": "sha512-pWhnw4U7wN/zFV4lA4BLMypSufTktCbk548Yk4whSb0KAq3R0mLfSubRIHkGdcPqQWCsM6g/zUuszurhz6ncWQ==",
      "deprecated": "package has been renamed to @capacitor/preferences",
      "peer": true,
      "peerDependencies": {
        "@capacitor/core": "^3.0.0"
      }
    },
    "node_modules/js-tokens": {
      "version": "4.0.0",
      "resolved": "https://registry.npmjs.org/js-tokens/-/js-tokens-4.0.0.tgz",
      "integrity": "sha512-RdJUflcE3cUzKiMqQgsCu06FPu9UdIJO0beYbPhHN4k6apgJtifcoCtT9bcxOpYBtpD2kCM6Sbzg4CausW/PKQ==",
      "peer": true
    },
    "node_modules/loose-envify": {
      "version": "1.4.0",
      "resolved": "https://registry.npmjs.org/loose-envify/-/loose-envify-1.4.0.tgz",
      "integrity": "sha512-lyuxPGr/Wfhrlem2CL/UcnUc1zcqKAImBDzukY7Y5F/yQiNdko6+fRLevlw1HgMySw7f611UIY408EtxRSoK3Q==",
      "peer": true,
      "dependencies": {
        "js-tokens": "^3.0.0 || ^4.0.0"
      },
      "bin": {
        "loose-envify": "cli.js"
      }
    },
    "node_modules/react": {
      "version": "18.2.0",
      "resolved": "https://registry.npmjs.org/react/-/react-18.2.0.tgz",
      "integrity": "sha512-/3IjMdb2L9QbBdWiW5e3P2/npwMBaU9mHCSCUzNln0ZCYbcfTsGbTJrU/kGemdH2IWmB2ioZ+zkxtmq6g09fGQ==",
      "peer": true,
      "dependencies": {
        "loose-envify": "^1.1.0"
      },
      "engines": {
        "node": ">=0.10.0"
      }
    },
    "node_modules/tslib": {
      "version": "2.6.2",
      "resolved": "https://registry.npmjs.org/tslib/-/tslib-2.6.2.tgz",
      "integrity": "sha512-AEYxH93jGFPn/a2iVAwW87VuUIkR1FVUKB77NwMF7nBTDkDrrT/Hpt/IrCJ0QXhW27jTBDcf5ZY7w6RiqTMw2Q==",
      "peer": true
    }
  }
}
